
Microsoft Visual Studio Solution File, Format Version 12.00
# Visual Studio Version 17
VisualStudioVersion = 17.14.36401.2 d17.14
MinimumVisualStudioVersion = 10.0.40219.1
Project("{FAE04EC0-301F-11D3-BF4B-00C04F79EFBC}") = "TaskManager", "TaskManager\TaskManager.csproj", "{BEF67BA8-BC39-4C85-B472-62CE5641AA37}"
EndProject
Project("{FAE04EC0-301F-11D3-BF4B-00C04F79EFBC}") = "TaskManager.Domain", "TaskManager.Domain\TaskManager.Domain.csproj", "{BBF0E16E-9056-468D-A299-B0311480ACCB}"
EndProject
Project("{FAE04EC0-301F-11D3-BF4B-00C04F79EFBC}") = "TaskManager.Domain.Tests", "TaskManager.Domain.Tests\TaskManager.Domain.Tests.csproj", "{D1137B2D-7AD1-499B-890F-475551D4E40B}"
EndProject
Project("{FAE04EC0-301F-11D3-BF4B-00C04F79EFBC}") = "TaskManager.Persistence.EFCore", "TaskManager.Persistence.EFCore\TaskManager.Persistence.EFCore.csproj", "{E1516F4B-A950-491B-AFBF-9686473233CC}"
EndProject
Global
	GlobalSection(SolutionConfigurationPlatforms) = preSolution
		Debug|Any CPU = Debug|Any CPU
		Release|Any CPU = Release|Any CPU
	EndGlobalSection
	GlobalSection(ProjectConfigurationPlatforms) = postSolution
		{BEF67BA8-BC39-4C85-B472-62CE5641AA37}.Debug|Any CPU.ActiveCfg = Debug|Any CPU
		{BEF67BA8-BC39-4C85-B472-62CE5641AA37}.Debug|Any CPU.Build.0 = Debug|Any CPU
		{BEF67BA8-BC39-4C85-B472-62CE5641AA37}.Release|Any CPU.ActiveCfg = Release|Any CPU
		{BEF67BA8-BC39-4C85-B472-62CE5641AA37}.Release|Any CPU.Build.0 = Release|Any CPU
		{BBF0E16E-9056-468D-A299-B0311480ACCB}.Debug|Any CPU.ActiveCfg = Debug|Any CPU
		{BBF0E16E-9056-468D-A299-B0311480ACCB}.Debug|Any CPU.Build.0 = Debug|Any CPU
		{BBF0E16E-9056-468D-A299-B0311480ACCB}.Release|Any CPU.ActiveCfg = Release|Any CPU
		{BBF0E16E-9056-468D-A299-B0311480ACCB}.Release|Any CPU.Build.0 = Release|Any CPU
		{D1137B2D-7AD1-499B-890F-475551D4E40B}.Debug|Any CPU.ActiveCfg = Debug|Any CPU
		{D1137B2D-7AD1-499B-890F-475551D4E40B}.Debug|Any CPU.Build.0 = Debug|Any CPU
		{D1137B2D-7AD1-499B-890F-475551D4E40B}.Release|Any CPU.ActiveCfg = Release|Any CPU
		{D1137B2D-7AD1-499B-890F-475551D4E40B}.Release|Any CPU.Build.0 = Release|Any CPU
		{E1516F4B-A950-491B-AFBF-9686473233CC}.Debug|Any CPU.ActiveCfg = Debug|Any CPU
		{E1516F4B-A950-491B-AFBF-9686473233CC}.Debug|Any CPU.Build.0 = Debug|Any CPU
		{E1516F4B-A950-491B-AFBF-9686473233CC}.Release|Any CPU.ActiveCfg = Release|Any CPU
		{E1516F4B-A950-491B-AFBF-9686473233CC}.Release|Any CPU.Build.0 = Release|Any CPU
	EndGlobalSection
	GlobalSection(SolutionProperties) = preSolution
		HideSolutionNode = FALSE
	EndGlobalSection
	GlobalSection(ExtensibilityGlobals) = postSolution
		SolutionGuid = {8617A26D-7578-4686-B2FA-83E9BF5D660B}
	EndGlobalSection
EndGlobal
